
Microsoft Visual Studio Solution File, Format Version 12.00
# Visual Studio Version 16
VisualStudioVersion = 16.0.31129.286
MinimumVisualStudioVersion = 10.0.40219.1
Project("{FAE04EC0-301F-11D3-BF4B-00C04F79EFBC}") = "FootballersDirectory", "FootballersDirectory\FootballersDirectory.csproj", "{3882E704-EC39-4D6F-AF13-B41730C36054}"
EndProject
Global
	GlobalSection(SolutionConfigurationPlatforms) = preSolution
		Debug|Any CPU = Debug|Any CPU
		Release|Any CPU = Release|Any CPU
	EndGlobalSection
	GlobalSection(ProjectConfigurationPlatforms) = postSolution
		{3882E704-EC39-4D6F-AF13-B41730C36054}.Debug|Any CPU.ActiveCfg = Debug|Any CPU
		{3882E704-EC39-4D6F-AF13-B41730C36054}.Debug|Any CPU.Build.0 = Debug|Any CPU
		{3882E704-EC39-4D6F-AF13-B41730C36054}.Release|Any CPU.ActiveCfg = Release|Any CPU
		{3882E704-EC39-4D6F-AF13-B41730C36054}.Release|Any CPU.Build.0 = Release|Any CPU
	EndGlobalSection
	GlobalSection(SolutionProperties) = preSolution
		HideSolutionNode = FALSE
	EndGlobalSection
	GlobalSection(ExtensibilityGlobals) = postSolution
		SolutionGuid = {E7174420-31AD-46D4-AAD2-B843EE66E19D}
	EndGlobalSection
EndGlobal
